
Microsoft Visual Studio Solution File, Format Version 12.00
# Visual Studio Version 16
VisualStudioVersion = 16.0.30503.244
MinimumVisualStudioVersion = 10.0.40219.1
Project("{FAE04EC0-301F-11D3-BF4B-00C04F79EFBC}") = "SocialMedia.Data", "SocialMedia.Data\SocialMedia.Data.csproj", "{1E6B7470-6141-446E-A533-5CEF5D681B48}"
EndProject
Project("{FAE04EC0-301F-11D3-BF4B-00C04F79EFBC}") = "SocialMedia.Models", "SocialMedia.Models\SocialMedia.Models.csproj", "{997D4972-6B44-4974-871E-EE3B3E6CF739}"
EndProject
Project("{FAE04EC0-301F-11D3-BF4B-00C04F79EFBC}") = "SocialMedia.Services", "SocialMedia.Services\SocialMedia.Services.csproj", "{ADD220FC-0CFA-4FB4-99E1-A6453337B58E}"
EndProject
Project("{FAE04EC0-301F-11D3-BF4B-00C04F79EFBC}") = "SocialMedia.WebAPI", "SocialMedia.WebAPI\SocialMedia.WebAPI.csproj", "{7DF69779-1664-4823-8CB7-6A38B21A6422}"
EndProject
Global
	GlobalSection(SolutionConfigurationPlatforms) = preSolution
		Debug|Any CPU = Debug|Any CPU
		Release|Any CPU = Release|Any CPU
	EndGlobalSection
	GlobalSection(ProjectConfigurationPlatforms) = postSolution
		{1E6B7470-6141-446E-A533-5CEF5D681B48}.Debug|Any CPU.ActiveCfg = Debug|Any CPU
		{1E6B7470-6141-446E-A533-5CEF5D681B48}.Debug|Any CPU.Build.0 = Debug|Any CPU
		{1E6B7470-6141-446E-A533-5CEF5D681B48}.Release|Any CPU.ActiveCfg = Release|Any CPU
		{1E6B7470-6141-446E-A533-5CEF5D681B48}.Release|Any CPU.Build.0 = Release|Any CPU
		{997D4972-6B44-4974-871E-EE3B3E6CF739}.Debug|Any CPU.ActiveCfg = Debug|Any CPU
		{997D4972-6B44-4974-871E-EE3B3E6CF739}.Debug|Any CPU.Build.0 = Debug|Any CPU
		{997D4972-6B44-4974-871E-EE3B3E6CF739}.Release|Any CPU.ActiveCfg = Release|Any CPU
		{997D4972-6B44-4974-871E-EE3B3E6CF739}.Release|Any CPU.Build.0 = Release|Any CPU
		{ADD220FC-0CFA-4FB4-99E1-A6453337B58E}.Debug|Any CPU.ActiveCfg = Debug|Any CPU
		{ADD220FC-0CFA-4FB4-99E1-A6453337B58E}.Debug|Any CPU.Build.0 = Debug|Any CPU
		{ADD220FC-0CFA-4FB4-99E1-A6453337B58E}.Release|Any CPU.ActiveCfg = Release|Any CPU
		{ADD220FC-0CFA-4FB4-99E1-A6453337B58E}.Release|Any CPU.Build.0 = Release|Any CPU
		{7DF69779-1664-4823-8CB7-6A38B21A6422}.Debug|Any CPU.ActiveCfg = Debug|Any CPU
		{7DF69779-1664-4823-8CB7-6A38B21A6422}.Debug|Any CPU.Build.0 = Debug|Any CPU
		{7DF69779-1664-4823-8CB7-6A38B21A6422}.Release|Any CPU.ActiveCfg = Release|Any CPU
		{7DF69779-1664-4823-8CB7-6A38B21A6422}.Release|Any CPU.Build.0 = Release|Any CPU
	EndGlobalSection
	GlobalSection(SolutionProperties) = preSolution
		HideSolutionNode = FALSE
	EndGlobalSection
	GlobalSection(ExtensibilityGlobals) = postSolution
		SolutionGuid = {232AC811-26FE-45EA-ADD9-4FD8B0588854}
	EndGlobalSection
EndGlobal
